
Microsoft Visual Studio Solution File, Format Version 12.00
# Visual Studio Version 17
VisualStudioVersion = 17.0.31423.177
MinimumVisualStudioVersion = 10.0.40219.1
Project("{9A19103F-16F7-4668-BE54-9A1E7A4F7556}") = "YAWS", "src\YAWS\YAWS.csproj", "{1EFD4239-6F66-4F73-8BD2-85F97D39F770}"
EndProject
Project("{9A19103F-16F7-4668-BE54-9A1E7A4F7556}") = "YAWS.Core", "src\YAWS.Core\YAWS.Core.csproj", "{EC16660E-FF78-4C1F-A2FA-AD2BCB454B01}"
EndProject
Global
	GlobalSection(SolutionConfigurationPlatforms) = preSolution
		Debug|Any CPU = Debug|Any CPU
		Release|Any CPU = Release|Any CPU
	EndGlobalSection
	GlobalSection(ProjectConfigurationPlatforms) = postSolution
		{1EFD4239-6F66-4F73-8BD2-85F97D39F770}.Debug|Any CPU.ActiveCfg = Debug|Any CPU
		{1EFD4239-6F66-4F73-8BD2-85F97D39F770}.Debug|Any CPU.Build.0 = Debug|Any CPU
		{1EFD4239-6F66-4F73-8BD2-85F97D39F770}.Release|Any CPU.ActiveCfg = Release|Any CPU
		{1EFD4239-6F66-4F73-8BD2-85F97D39F770}.Release|Any CPU.Build.0 = Release|Any CPU
		{EC16660E-FF78-4C1F-A2FA-AD2BCB454B01}.Debug|Any CPU.ActiveCfg = Debug|Any CPU
		{EC16660E-FF78-4C1F-A2FA-AD2BCB454B01}.Debug|Any CPU.Build.0 = Debug|Any CPU
		{EC16660E-FF78-4C1F-A2FA-AD2BCB454B01}.Release|Any CPU.ActiveCfg = Release|Any CPU
		{EC16660E-FF78-4C1F-A2FA-AD2BCB454B01}.Release|Any CPU.Build.0 = Release|Any CPU
	EndGlobalSection
	GlobalSection(SolutionProperties) = preSolution
		HideSolutionNode = FALSE
	EndGlobalSection
	GlobalSection(ExtensibilityGlobals) = postSolution
		SolutionGuid = {42D9B723-A5FD-453D-B056-9B2XFD43B30A}
	EndGlobalSection
EndGlobal
